
Microsoft Visual Studio Solution File, Format Version 12.00
# Visual Studio 2013
VisualStudioVersion = 12.0.21005.1
MinimumVisualStudioVersion = 10.0.40219.1
Project("{8BC9CEB8-8B4A-11D0-8D11-00A0C91BC942}") = "convnet2", "convnet2.vcxproj", "{BB7E985E-EFF1-4560-AA5E-31BC19397914}"
EndProject
Project("{8BC9CEB8-8B4A-11D0-8D11-00A0C91BC942}") = "Test", "Test\Test.vcxproj", "{0E5D3696-D4F5-4EDD-9CB1-2B49A8EBD4DF}"
EndProject
Global
	GlobalSection(SolutionConfigurationPlatforms) = preSolution
		Debug|Mixed Platforms = Debug|Mixed Platforms
		Debug|Win32 = Debug|Win32
		Debug|x64 = Debug|x64
		Release|Mixed Platforms = Release|Mixed Platforms
		Release|Win32 = Release|Win32
		Release|x64 = Release|x64
	EndGlobalSection
	GlobalSection(ProjectConfigurationPlatforms) = postSolution
		{BB7E985E-EFF1-4560-AA5E-31BC19397914}.Debug|Mixed Platforms.ActiveCfg = Debug|Win32
		{BB7E985E-EFF1-4560-AA5E-31BC19397914}.Debug|Mixed Platforms.Build.0 = Debug|Win32
		{BB7E985E-EFF1-4560-AA5E-31BC19397914}.Debug|Win32.ActiveCfg = Debug|Win32
		{BB7E985E-EFF1-4560-AA5E-31BC19397914}.Debug|Win32.Build.0 = Debug|Win32
		{BB7E985E-EFF1-4560-AA5E-31BC19397914}.Debug|x64.ActiveCfg = Debug|x64
		{BB7E985E-EFF1-4560-AA5E-31BC19397914}.Debug|x64.Build.0 = Debug|x64
		{BB7E985E-EFF1-4560-AA5E-31BC19397914}.Release|Mixed Platforms.ActiveCfg = Release|Win32
		{BB7E985E-EFF1-4560-AA5E-31BC19397914}.Release|Mixed Platforms.Build.0 = Release|Win32
		{BB7E985E-EFF1-4560-AA5E-31BC19397914}.Release|Win32.ActiveCfg = Release|Win32
		{BB7E985E-EFF1-4560-AA5E-31BC19397914}.Release|Win32.Build.0 = Release|Win32
		{BB7E985E-EFF1-4560-AA5E-31BC19397914}.Release|x64.ActiveCfg = Release|x64
		{BB7E985E-EFF1-4560-AA5E-31BC19397914}.Release|x64.Build.0 = Release|x64
		{0E5D3696-D4F5-4EDD-9CB1-2B49A8EBD4DF}.Debug|Mixed Platforms.ActiveCfg = Debug|Win32
		{0E5D3696-D4F5-4EDD-9CB1-2B49A8EBD4DF}.Debug|Mixed Platforms.Build.0 = Debug|Win32
		{0E5D3696-D4F5-4EDD-9CB1-2B49A8EBD4DF}.Debug|Win32.ActiveCfg = Debug|Win32
		{0E5D3696-D4F5-4EDD-9CB1-2B49A8EBD4DF}.Debug|Win32.Build.0 = Debug|Win32
		{0E5D3696-D4F5-4EDD-9CB1-2B49A8EBD4DF}.Debug|x64.ActiveCfg = Debug|Win32
		{0E5D3696-D4F5-4EDD-9CB1-2B49A8EBD4DF}.Release|Mixed Platforms.ActiveCfg = Release|Win32
		{0E5D3696-D4F5-4EDD-9CB1-2B49A8EBD4DF}.Release|Mixed Platforms.Build.0 = Release|Win32
		{0E5D3696-D4F5-4EDD-9CB1-2B49A8EBD4DF}.Release|Win32.ActiveCfg = Release|Win32
		{0E5D3696-D4F5-4EDD-9CB1-2B49A8EBD4DF}.Release|Win32.Build.0 = Release|Win32
		{0E5D3696-D4F5-4EDD-9CB1-2B49A8EBD4DF}.Release|x64.ActiveCfg = Release|x64
		{0E5D3696-D4F5-4EDD-9CB1-2B49A8EBD4DF}.Release|x64.Build.0 = Release|x64
	EndGlobalSection
	GlobalSection(SolutionProperties) = preSolution
		HideSolutionNode = FALSE
	EndGlobalSection
EndGlobal
